
Microsoft Visual Studio Solution File, Format Version 12.00
# Visual Studio 15
VisualStudioVersion = 15.0.28010.2046
MinimumVisualStudioVersion = 10.0.40219.1
Project("{8BC9CEB8-8B4A-11D0-8D11-00A0C91BC942}") = "q2", "q2\q2.vcxproj", "{F00B29E3-0159-494E-ACB3-CDA6BAD5C877}"
EndProject
Global
	GlobalSection(SolutionConfigurationPlatforms) = preSolution
		Debug|x64 = Debug|x64
		Debug|x86 = Debug|x86
		Release|x64 = Release|x64
		Release|x86 = Release|x86
	EndGlobalSection
	GlobalSection(ProjectConfigurationPlatforms) = postSolution
		{F00B29E3-0159-494E-ACB3-CDA6BAD5C877}.Debug|x64.ActiveCfg = Debug|x64
		{F00B29E3-0159-494E-ACB3-CDA6BAD5C877}.Debug|x64.Build.0 = Debug|x64
		{F00B29E3-0159-494E-ACB3-CDA6BAD5C877}.Debug|x86.ActiveCfg = Debug|Win32
		{F00B29E3-0159-494E-ACB3-CDA6BAD5C877}.Debug|x86.Build.0 = Debug|Win32
		{F00B29E3-0159-494E-ACB3-CDA6BAD5C877}.Release|x64.ActiveCfg = Release|x64
		{F00B29E3-0159-494E-ACB3-CDA6BAD5C877}.Release|x64.Build.0 = Release|x64
		{F00B29E3-0159-494E-ACB3-CDA6BAD5C877}.Release|x86.ActiveCfg = Release|Win32
		{F00B29E3-0159-494E-ACB3-CDA6BAD5C877}.Release|x86.Build.0 = Release|Win32
	EndGlobalSection
	GlobalSection(SolutionProperties) = preSolution
		HideSolutionNode = FALSE
	EndGlobalSection
	GlobalSection(ExtensibilityGlobals) = postSolution
		SolutionGuid = {00452570-7D1E-44E0-823E-C15890386A33}
	EndGlobalSection
EndGlobal
