
Microsoft Visual Studio Solution File, Format Version 12.00
# Visual Studio 15
VisualStudioVersion = 15.0.28010.2046
MinimumVisualStudioVersion = 10.0.40219.1
Project("{8BC9CEB8-8B4A-11D0-8D11-00A0C91BC942}") = "question3", "question3\question3.vcxproj", "{9733217B-98F2-4817-BC29-3470EBBA17A5}"
EndProject
Global
	GlobalSection(SolutionConfigurationPlatforms) = preSolution
		Debug|x64 = Debug|x64
		Debug|x86 = Debug|x86
		Release|x64 = Release|x64
		Release|x86 = Release|x86
	EndGlobalSection
	GlobalSection(ProjectConfigurationPlatforms) = postSolution
		{9733217B-98F2-4817-BC29-3470EBBA17A5}.Debug|x64.ActiveCfg = Debug|x64
		{9733217B-98F2-4817-BC29-3470EBBA17A5}.Debug|x64.Build.0 = Debug|x64
		{9733217B-98F2-4817-BC29-3470EBBA17A5}.Debug|x86.ActiveCfg = Debug|Win32
		{9733217B-98F2-4817-BC29-3470EBBA17A5}.Debug|x86.Build.0 = Debug|Win32
		{9733217B-98F2-4817-BC29-3470EBBA17A5}.Release|x64.ActiveCfg = Release|x64
		{9733217B-98F2-4817-BC29-3470EBBA17A5}.Release|x64.Build.0 = Release|x64
		{9733217B-98F2-4817-BC29-3470EBBA17A5}.Release|x86.ActiveCfg = Release|Win32
		{9733217B-98F2-4817-BC29-3470EBBA17A5}.Release|x86.Build.0 = Release|Win32
	EndGlobalSection
	GlobalSection(SolutionProperties) = preSolution
		HideSolutionNode = FALSE
	EndGlobalSection
	GlobalSection(ExtensibilityGlobals) = postSolution
		SolutionGuid = {602C780D-54F4-4EB3-8150-6B36974D1A30}
	EndGlobalSection
EndGlobal
